{
    "requires": true,
    "lockfileVersion": 1,
    "dependencies": {
        "mdi": {
            "version": "2.2.43",
            "resolved": "https://registry.npmjs.org/mdi/-/mdi-2.2.43.tgz",
            "integrity": "sha512-g3m6z4303qieltUM20JL2gdsJZvoVzIzO74qa2XxZ2kg9JPwrPEAgooVhRDHZi1vvRh0gB8Dg+c9XqNdz4jcIg==",
            "dev": true
        }
    }
}
